// !$*UTF8*$!
{
	archiveVersion = 1;
	classes = {
	};
	objectVersion = 50;
	objects = {

/* Begin PBXBuildFile section */
		EAC6B1812304F7F600142A4E /* AppDelegate.m in Sources */ = {isa = PBXBuildFile; fileRef = EAC6B1802304F7F600142A4E /* AppDelegate.m */; };
		EAC6B1842304F7F600142A4E /* ViewController.m in Sources */ = {isa = PBXBuildFile; fileRef = EAC6B1832304F7F600142A4E /* ViewController.m */; };
		EAC6B1892304F7F700142A4E /* Assets.xcassets in Resources */ = {isa = PBXBuildFile; fileRef = EAC6B1882304F7F700142A4E /* Assets.xcassets */; };
		EAC6B18C2304F7F700142A4E /* LaunchScreen.storyboard in Resources */ = {isa = PBXBuildFile; fileRef = EAC6B18A2304F7F700142A4E /* LaunchScreen.storyboard */; };
		EAC6B18F2304F7F700142A4E /* main.m in Sources */ = {isa = PBXBuildFile; fileRef = EAC6B18E2304F7F700142A4E /* main.m */; };
		EAC6B1B02304F80600142A4E /* NSLayoutConstraint+MASDebugAdditions.m in Sources */ = {isa = PBXBuildFile; fileRef = EAC6B1972304F80600142A4E /* NSLayoutConstraint+MASDebugAdditions.m */; };
		EAC6B1B12304F80600142A4E /* ViewController+MASAdditions.m in Sources */ = {isa = PBXBuildFile; fileRef = EAC6B1A02304F80600142A4E /* ViewController+MASAdditions.m */; };
		EAC6B1B22304F80600142A4E /* MASCompositeConstraint.m in Sources */ = {isa = PBXBuildFile; fileRef = EAC6B1A42304F80600142A4E /* MASCompositeConstraint.m */; };
		EAC6B1B32304F80600142A4E /* MASConstraintMaker.m in Sources */ = {isa = PBXBuildFile; fileRef = EAC6B1A52304F80600142A4E /* MASConstraintMaker.m */; };
		EAC6B1B42304F80600142A4E /* MASLayoutConstraint.m in Sources */ = {isa = PBXBuildFile; fileRef = EAC6B1A62304F80600142A4E /* MASLayoutConstraint.m */; };
		EAC6B1B52304F80600142A4E /* NSArray+MASAdditions.m in Sources */ = {isa = PBXBuildFile; fileRef = EAC6B1A72304F80600142A4E /* NSArray+MASAdditions.m */; };
		EAC6B1B62304F80600142A4E /* View+MASAdditions.m in Sources */ = {isa = PBXBuildFile; fileRef = EAC6B1A82304F80600142A4E /* View+MASAdditions.m */; };
		EAC6B1B72304F80600142A4E /* MASConstraint.m in Sources */ = {isa = PBXBuildFile; fileRef = EAC6B1AB2304F80600142A4E /* MASConstraint.m */; };
		EAC6B1B82304F80600142A4E /* MASViewConstraint.m in Sources */ = {isa = PBXBuildFile; fileRef = EAC6B1AD2304F80600142A4E /* MASViewConstraint.m */; };
		EAC6B1B92304F80600142A4E /* MASViewAttribute.m in Sources */ = {isa = PBXBuildFile; fileRef = EAC6B1AE2304F80600142A4E /* MASViewAttribute.m */; };
		EAC6B1BA2304F80600142A4E /* Info.plist in Resources */ = {isa = PBXBuildFile; fileRef = EAC6B1AF2304F80600142A4E /* Info.plist */; };
		EAC6B1BD2304F81100142A4E /* LSSTableView.m in Sources */ = {isa = PBXBuildFile; fileRef = EAC6B1BB2304F81100142A4E /* LSSTableView.m */; };
/* End PBXBuildFile section */

/* Begin PBXFileReference section */
		EAC6B17C2304F7F600142A4E /* DoorHomeUI.app */ = {isa = PBXFileReference; explicitFileType = wrapper.application; includeInIndex = 0; path = DoorHomeUI.app; sourceTree = BUILT_PRODUCTS_DIR; };
		EAC6B17F2304F7F600142A4E /* AppDelegate.h */ = {isa = PBXFileReference; lastKnownFileType = sourcecode.c.h; path = AppDelegate.h; sourceTree = "<group>"; };
		EAC6B1802304F7F600142A4E /* AppDelegate.m */ = {isa = PBXFileReference; lastKnownFileType = sourcecode.c.objc; path = AppDelegate.m; sourceTree = "<group>"; };
		EAC6B1822304F7F600142A4E /* ViewController.h */ = {isa = PBXFileReference; lastKnownFileType = sourcecode.c.h; path = ViewController.h; sourceTree = "<group>"; };
		EAC6B1832304F7F600142A4E /* ViewController.m */ = {isa = PBXFileReference; lastKnownFileType = sourcecode.c.objc; path = ViewController.m; sourceTree = "<group>"; };
		EAC6B1882304F7F700142A4E /* Assets.xcassets */ = {isa = PBXFileReference; lastKnownFileType = folder.assetcatalog; path = Assets.xcassets; sourceTree = "<group>"; };
		EAC6B18B2304F7F700142A4E /* Base */ = {isa = PBXFileReference; lastKnownFileType = file.storyboard; name = Base; path = Base.lproj/LaunchScreen.storyboard; sourceTree = "<group>"; };
		EAC6B18D2304F7F700142A4E /* Info.plist */ = {isa = PBXFileReference; lastKnownFileType = text.plist.xml; path = Info.plist; sourceTree = "<group>"; };
		EAC6B18E2304F7F700142A4E /* main.m */ = {isa = PBXFileReference; lastKnownFileType = sourcecode.c.objc; path = main.m; sourceTree = "<group>"; };
		EAC6B1962304F80600142A4E /* MASCompositeConstraint.h */ = {isa = PBXFileReference; fileEncoding = 4; lastKnownFileType = sourcecode.c.h; path = MASCompositeConstraint.h; sourceTree = "<group>"; };
		EAC6B1972304F80600142A4E /* NSLayoutConstraint+MASDebugAdditions.m */ = {isa = PBXFileReference; fileEncoding = 4; lastKnownFileType = sourcecode.c.objc; path = "NSLayoutConstraint+MASDebugAdditions.m"; sourceTree = "<group>"; };
		EAC6B1982304F80600142A4E /* MASConstraint+Private.h */ = {isa = PBXFileReference; fileEncoding = 4; lastKnownFileType = sourcecode.c.h; path = "MASConstraint+Private.h"; sourceTree = "<group>"; };
		EAC6B1992304F80600142A4E /* MASLayoutConstraint.h */ = {isa = PBXFileReference; fileEncoding = 4; lastKnownFileType = sourcecode.c.h; path = MASLayoutConstraint.h; sourceTree = "<group>"; };
		EAC6B19A2304F80600142A4E /* NSArray+MASShorthandAdditions.h */ = {isa = PBXFileReference; fileEncoding = 4; lastKnownFileType = sourcecode.c.h; path = "NSArray+MASShorthandAdditions.h"; sourceTree = "<group>"; };
		EAC6B19B2304F80600142A4E /* MASConstraintMaker.h */ = {isa = PBXFileReference; fileEncoding = 4; lastKnownFileType = sourcecode.c.h; path = MASConstraintMaker.h; sourceTree = "<group>"; };
		EAC6B19C2304F80600142A4E /* View+MASAdditions.h */ = {isa = PBXFileReference; fileEncoding = 4; lastKnownFileType = sourcecode.c.h; path = "View+MASAdditions.h"; sourceTree = "<group>"; };
		EAC6B19D2304F80600142A4E /* NSArray+MASAdditions.h */ = {isa = PBXFileReference; fileEncoding = 4; lastKnownFileType = sourcecode.c.h; path = "NSArray+MASAdditions.h"; sourceTree = "<group>"; };
		EAC6B19E2304F80600142A4E /* MASUtilities.h */ = {isa = PBXFileReference; fileEncoding = 4; lastKnownFileType = sourcecode.c.h; path = MASUtilities.h; sourceTree = "<group>"; };
		EAC6B19F2304F80600142A4E /* MASViewAttribute.h */ = {isa = PBXFileReference; fileEncoding = 4; lastKnownFileType = sourcecode.c.h; path = MASViewAttribute.h; sourceTree = "<group>"; };
		EAC6B1A02304F80600142A4E /* ViewController+MASAdditions.m */ = {isa = PBXFileReference; fileEncoding = 4; lastKnownFileType = sourcecode.c.objc; path = "ViewController+MASAdditions.m"; sourceTree = "<group>"; };
		EAC6B1A12304F80600142A4E /* MASViewConstraint.h */ = {isa = PBXFileReference; fileEncoding = 4; lastKnownFileType = sourcecode.c.h; path = MASViewConstraint.h; sourceTree = "<group>"; };
		EAC6B1A22304F80600142A4E /* MASConstraint.h */ = {isa = PBXFileReference; fileEncoding = 4; lastKnownFileType = sourcecode.c.h; path = MASConstraint.h; sourceTree = "<group>"; };
		EAC6B1A32304F80600142A4E /* NSLayoutConstraint+MASDebugAdditions.h */ = {isa = PBXFileReference; fileEncoding = 4; lastKnownFileType = sourcecode.c.h; path = "NSLayoutConstraint+MASDebugAdditions.h"; sourceTree = "<group>"; };
		EAC6B1A42304F80600142A4E /* MASCompositeConstraint.m */ = {isa = PBXFileReference; fileEncoding = 4; lastKnownFileType = sourcecode.c.objc; path = MASCompositeConstraint.m; sourceTree = "<group>"; };
		EAC6B1A52304F80600142A4E /* MASConstraintMaker.m */ = {isa = PBXFileReference; fileEncoding = 4; lastKnownFileType = sourcecode.c.objc; path = MASConstraintMaker.m; sourceTree = "<group>"; };
		EAC6B1A62304F80600142A4E /* MASLayoutConstraint.m */ = {isa = PBXFileReference; fileEncoding = 4; lastKnownFileType = sourcecode.c.objc; path = MASLayoutConstraint.m; sourceTree = "<group>"; };
		EAC6B1A72304F80600142A4E /* NSArray+MASAdditions.m */ = {isa = PBXFileReference; fileEncoding = 4; lastKnownFileType = sourcecode.c.objc; path = "NSArray+MASAdditions.m"; sourceTree = "<group>"; };
		EAC6B1A82304F80600142A4E /* View+MASAdditions.m */ = {isa = PBXFileReference; fileEncoding = 4; lastKnownFileType = sourcecode.c.objc; path = "View+MASAdditions.m"; sourceTree = "<group>"; };
		EAC6B1A92304F80600142A4E /* View+MASShorthandAdditions.h */ = {isa = PBXFileReference; fileEncoding = 4; lastKnownFileType = sourcecode.c.h; path = "View+MASShorthandAdditions.h"; sourceTree = "<group>"; };
		EAC6B1AA2304F80600142A4E /* Masonry.h */ = {isa = PBXFileReference; fileEncoding = 4; lastKnownFileType = sourcecode.c.h; path = Masonry.h; sourceTree = "<group>"; };
		EAC6B1AB2304F80600142A4E /* MASConstraint.m */ = {isa = PBXFileReference; fileEncoding = 4; lastKnownFileType = sourcecode.c.objc; path = MASConstraint.m; sourceTree = "<group>"; };
		EAC6B1AC2304F80600142A4E /* ViewController+MASAdditions.h */ = {isa = PBXFileReference; fileEncoding = 4; lastKnownFileType = sourcecode.c.h; path = "ViewController+MASAdditions.h"; sourceTree = "<group>"; };
		EAC6B1AD2304F80600142A4E /* MASViewConstraint.m */ = {isa = PBXFileReference; fileEncoding = 4; lastKnownFileType = sourcecode.c.objc; path = MASViewConstraint.m; sourceTree = "<group>"; };
		EAC6B1AE2304F80600142A4E /* MASViewAttribute.m */ = {isa = PBXFileReference; fileEncoding = 4; lastKnownFileType = sourcecode.c.objc; path = MASViewAttribute.m; sourceTree = "<group>"; };
		EAC6B1AF2304F80600142A4E /* Info.plist */ = {isa = PBXFileReference; fileEncoding = 4; lastKnownFileType = text.plist.xml; path = Info.plist; sourceTree = "<group>"; };
		EAC6B1BB2304F81100142A4E /* LSSTableView.m */ = {isa = PBXFileReference; fileEncoding = 4; lastKnownFileType = sourcecode.c.objc; path = LSSTableView.m; sourceTree = "<group>"; };
		EAC6B1BC2304F81100142A4E /* LSSTableView.h */ = {isa = PBXFileReference; fileEncoding = 4; lastKnownFileType = sourcecode.c.h; path = LSSTableView.h; sourceTree = "<group>"; };
/* End PBXFileReference section */

/* Begin PBXFrameworksBuildPhase section */
		EAC6B1792304F7F600142A4E /* Frameworks */ = {
			isa = PBXFrameworksBuildPhase;
			buildActionMask = 2147483647;
			files = (
			);
			runOnlyForDeploymentPostprocessing = 0;
		};
/* End PBXFrameworksBuildPhase section */

/* Begin PBXGroup section */
		EAC6B1732304F7F600142A4E = {
			isa = PBXGroup;
			children = (
				EAC6B17E2304F7F600142A4E /* DoorHomeUI */,
				EAC6B17D2304F7F600142A4E /* Products */,
			);
			sourceTree = "<group>";
		};
		EAC6B17D2304F7F600142A4E /* Products */ = {
			isa = PBXGroup;
			children = (
				EAC6B17C2304F7F600142A4E /* DoorHomeUI.app */,
			);
			name = Products;
			sourceTree = "<group>";
		};
		EAC6B17E2304F7F600142A4E /* DoorHomeUI */ = {
			isa = PBXGroup;
			children = (
				EAC6B1952304F80600142A4E /* Masonry */,
				EAC6B17F2304F7F600142A4E /* AppDelegate.h */,
				EAC6B1802304F7F600142A4E /* AppDelegate.m */,
				EAC6B1822304F7F600142A4E /* ViewController.h */,
				EAC6B1832304F7F600142A4E /* ViewController.m */,
				EAC6B1BC2304F81100142A4E /* LSSTableView.h */,
				EAC6B1BB2304F81100142A4E /* LSSTableView.m */,
				EAC6B1882304F7F700142A4E /* Assets.xcassets */,
				EAC6B18A2304F7F700142A4E /* LaunchScreen.storyboard */,
				EAC6B18D2304F7F700142A4E /* Info.plist */,
				EAC6B18E2304F7F700142A4E /* main.m */,
			);
			path = DoorHomeUI;
			sourceTree = "<group>";
		};
		EAC6B1952304F80600142A4E /* Masonry */ = {
			isa = PBXGroup;
			children = (
				EAC6B1962304F80600142A4E /* MASCompositeConstraint.h */,
				EAC6B1972304F80600142A4E /* NSLayoutConstraint+MASDebugAdditions.m */,
				EAC6B1982304F80600142A4E /* MASConstraint+Private.h */,
				EAC6B1992304F80600142A4E /* MASLayoutConstraint.h */,
				EAC6B19A2304F80600142A4E /* NSArray+MASShorthandAdditions.h */,
				EAC6B19B2304F80600142A4E /* MASConstraintMaker.h */,
				EAC6B19C2304F80600142A4E /* View+MASAdditions.h */,
				EAC6B19D2304F80600142A4E /* NSArray+MASAdditions.h */,
				EAC6B19E2304F80600142A4E /* MASUtilities.h */,
				EAC6B19F2304F80600142A4E /* MASViewAttribute.h */,
				EAC6B1A02304F80600142A4E /* ViewController+MASAdditions.m */,
				EAC6B1A12304F80600142A4E /* MASViewConstraint.h */,
				EAC6B1A22304F80600142A4E /* MASConstraint.h */,
				EAC6B1A32304F80600142A4E /* NSLayoutConstraint+MASDebugAdditions.h */,
				EAC6B1A42304F80600142A4E /* MASCompositeConstraint.m */,
				EAC6B1A52304F80600142A4E /* MASConstraintMaker.m */,
				EAC6B1A62304F80600142A4E /* MASLayoutConstraint.m */,
				EAC6B1A72304F80600142A4E /* NSArray+MASAdditions.m */,
				EAC6B1A82304F80600142A4E /* View+MASAdditions.m */,
				EAC6B1A92304F80600142A4E /* View+MASShorthandAdditions.h */,
				EAC6B1AA2304F80600142A4E /* Masonry.h */,
				EAC6B1AB2304F80600142A4E /* MASConstraint.m */,
				EAC6B1AC2304F80600142A4E /* ViewController+MASAdditions.h */,
				EAC6B1AD2304F80600142A4E /* MASViewConstraint.m */,
				EAC6B1AE2304F80600142A4E /* MASViewAttribute.m */,
				EAC6B1AF2304F80600142A4E /* Info.plist */,
			);
			path = Masonry;
			sourceTree = "<group>";
		};
/* End PBXGroup section */

/* Begin PBXNativeTarget section */
		EAC6B17B2304F7F600142A4E /* DoorHomeUI */ = {
			isa = PBXNativeTarget;
			buildConfigurationList = EAC6B1922304F7F700142A4E /* Build configuration list for PBXNativeTarget "DoorHomeUI" */;
			buildPhases = (
				EAC6B1782304F7F600142A4E /* Sources */,
				EAC6B1792304F7F600142A4E /* Frameworks */,
				EAC6B17A2304F7F600142A4E /* Resources */,
			);
			buildRules = (
			);
			dependencies = (
			);
			name = DoorHomeUI;
			productName = DoorHomeUI;
			productReference = EAC6B17C2304F7F600142A4E /* DoorHomeUI.app */;
			productType = "com.apple.product-type.application";
		};
/* End PBXNativeTarget section */

/* Begin PBXProject section */
		EAC6B1742304F7F600142A4E /* Project object */ = {
			isa = PBXProject;
			attributes = {
				LastUpgradeCheck = 1030;
				ORGANIZATIONNAME = "连帅帅";
				TargetAttributes = {
					EAC6B17B2304F7F600142A4E = {
						CreatedOnToolsVersion = 10.3;
					};
				};
			};
			buildConfigurationList = EAC6B1772304F7F600142A4E /* Build configuration list for PBXProject "DoorHomeUI" */;
			compatibilityVersion = "Xcode 9.3";
			developmentRegion = en;
			hasScannedForEncodings = 0;
			knownRegions = (
				en,
				Base,
			);
			mainGroup = EAC6B1732304F7F600142A4E;
			productRefGroup = EAC6B17D2304F7F600142A4E /* Products */;
			projectDirPath = "";
			projectRoot = "";
			targets = (
				EAC6B17B2304F7F600142A4E /* DoorHomeUI */,
			);
		};
/* End PBXProject section */

/* Begin PBXResourcesBuildPhase section */
		EAC6B17A2304F7F600142A4E /* Resources */ = {
			isa = PBXResourcesBuildPhase;
			buildActionMask = 2147483647;
			files = (
				EAC6B1BA2304F80600142A4E /* Info.plist in Resources */,
				EAC6B18C2304F7F700142A4E /* LaunchScreen.storyboard in Resources */,
				EAC6B1892304F7F700142A4E /* Assets.xcassets in Resources */,
			);
			runOnlyForDeploymentPostprocessing = 0;
		};
/* End PBXResourcesBuildPhase section */

/* Begin PBXSourcesBuildPhase section */
		EAC6B1782304F7F600142A4E /* Sources */ = {
			isa = PBXSourcesBuildPhase;
			buildActionMask = 2147483647;
			files = (
				EAC6B1B32304F80600142A4E /* MASConstraintMaker.m in Sources */,
				EAC6B1842304F7F600142A4E /* ViewController.m in Sources */,
				EAC6B1B12304F80600142A4E /* ViewController+MASAdditions.m in Sources */,
				EAC6B1B82304F80600142A4E /* MASViewConstraint.m in Sources */,
				EAC6B18F2304F7F700142A4E /* main.m in Sources */,
				EAC6B1B42304F80600142A4E /* MASLayoutConstraint.m in Sources */,
				EAC6B1B72304F80600142A4E /* MASConstraint.m in Sources */,
				EAC6B1B52304F80600142A4E /* NSArray+MASAdditions.m in Sources */,
				EAC6B1812304F7F600142A4E /* AppDelegate.m in Sources */,
				EAC6B1B22304F80600142A4E /* MASCompositeConstraint.m in Sources */,
				EAC6B1BD2304F81100142A4E /* LSSTableView.m in Sources */,
				EAC6B1B62304F80600142A4E /* View+MASAdditions.m in Sources */,
				EAC6B1B02304F80600142A4E /* NSLayoutConstraint+MASDebugAdditions.m in Sources */,
				EAC6B1B92304F80600142A4E /* MASViewAttribute.m in Sources */,
			);
			runOnlyForDeploymentPostprocessing = 0;
		};
/* End PBXSourcesBuildPhase section */

/* Begin PBXVariantGroup section */
		EAC6B18A2304F7F700142A4E /* LaunchScreen.storyboard */ = {
			isa = PBXVariantGroup;
			children = (
				EAC6B18B2304F7F700142A4E /* Base */,
			);
			name = LaunchScreen.storyboard;
			sourceTree = "<group>";
		};
/* End PBXVariantGroup section */

/* Begin XCBuildConfiguration section */
		EAC6B1902304F7F700142A4E /* Debug */ = {
			isa = XCBuildConfiguration;
			buildSettings = {
				ALWAYS_SEARCH_USER_PATHS = NO;
				CLANG_ANALYZER_NONNULL = YES;
				CLANG_ANALYZER_NUMBER_OBJECT_CONVERSION = YES_AGGRESSIVE;
				CLANG_CXX_LANGUAGE_STANDARD = "gnu++14";
				CLANG_CXX_LIBRARY = "libc++";
				CLANG_ENABLE_MODULES = YES;
				CLANG_ENABLE_OBJC_ARC = YES;
				CLANG_ENABLE_OBJC_WEAK = YES;
				CLANG_WARN_BLOCK_CAPTURE_AUTORELEASING = YES;
				CLANG_WARN_BOOL_CONVERSION = YES;
				CLANG_WARN_COMMA = YES;
				CLANG_WARN_CONSTANT_CONVERSION = YES;
				CLANG_WARN_DEPRECATED_OBJC_IMPLEMENTATIONS = YES;
				CLANG_WARN_DIRECT_OBJC_ISA_USAGE = YES_ERROR;
				CLANG_WARN_DOCUMENTATION_COMMENTS = YES;
				CLANG_WARN_EMPTY_BODY = YES;
				CLANG_WARN_ENUM_CONVERSION = YES;
				CLANG_WARN_INFINITE_RECURSION = YES;
				CLANG_WARN_INT_CONVERSION = YES;
				CLANG_WARN_NON_LITERAL_NULL_CONVERSION = YES;
				CLANG_WARN_OBJC_IMPLICIT_RETAIN_SELF = YES;
				CLANG_WARN_OBJC_LITERAL_CONVERSION = YES;
				CLANG_WARN_OBJC_ROOT_CLASS = YES_ERROR;
				CLANG_WARN_RANGE_LOOP_ANALYSIS = YES;
				CLANG_WARN_STRICT_PROTOTYPES = YES;
				CLANG_WARN_SUSPICIOUS_MOVE = YES;
				CLANG_WARN_UNGUARDED_AVAILABILITY = YES_AGGRESSIVE;
				CLANG_WARN_UNREACHABLE_CODE = YES;
				CLANG_WARN__DUPLICATE_METHOD_MATCH = YES;
				CODE_SIGN_IDENTITY = "iPhone Developer";
				COPY_PHASE_STRIP = NO;
				DEBUG_INFORMATION_FORMAT = dwarf;
				ENABLE_STRICT_OBJC_MSGSEND = YES;
				ENABLE_TESTABILITY = YES;
				GCC_C_LANGUAGE_STANDARD = gnu11;
				GCC_DYNAMIC_NO_PIC = NO;
				GCC_NO_COMMON_BLOCKS = YES;
				GCC_OPTIMIZATION_LEVEL = 0;
				GCC_PREPROCESSOR_DEFINITIONS = (
					"DEBUG=1",
					"$(inherited)",
				);
				GCC_WARN_64_TO_32_BIT_CONVERSION = YES;
				GCC_WARN_ABOUT_RETURN_TYPE = YES_ERROR;
				GCC_WARN_UNDECLARED_SELECTOR = YES;
				GCC_WARN_UNINITIALIZED_AUTOS = YES_AGGRESSIVE;
				GCC_WARN_UNUSED_FUNCTION = YES;
				GCC_WARN_UNUSED_VARIABLE = YES;
				IPHONEOS_DEPLOYMENT_TARGET = 12.4;
				MTL_ENABLE_DEBUG_INFO = INCLUDE_SOURCE;
				MTL_FAST_MATH = YES;
				ONLY_ACTIVE_ARCH = YES;
				SDKROOT = iphoneos;
			};
			name = Debug;
		};
		EAC6B1912304F7F700142A4E /* Release */ = {
			isa = XCBuildConfiguration;
			buildSettings = {
				ALWAYS_SEARCH_USER_PATHS = NO;
				CLANG_ANALYZER_NONNULL = YES;
				CLANG_ANALYZER_NUMBER_OBJECT_CONVERSION = YES_AGGRESSIVE;
				CLANG_CXX_LANGUAGE_STANDARD = "gnu++14";
				CLANG_CXX_LIBRARY = "libc++";
				CLANG_ENABLE_MODULES = YES;
				CLANG_ENABLE_OBJC_ARC = YES;
				CLANG_ENABLE_OBJC_WEAK = YES;
				CLANG_WARN_BLOCK_CAPTURE_AUTORELEASING = YES;
				CLANG_WARN_BOOL_CONVERSION = YES;
				CLANG_WARN_COMMA = YES;
				CLANG_WARN_CONSTANT_CONVERSION = YES;
				CLANG_WARN_DEPRECATED_OBJC_IMPLEMENTATIONS = YES;
				CLANG_WARN_DIRECT_OBJC_ISA_USAGE = YES_ERROR;
				CLANG_WARN_DOCUMENTATION_COMMENTS = YES;
				CLANG_WARN_EMPTY_BODY = YES;
				CLANG_WARN_ENUM_CONVERSION = YES;
				CLANG_WARN_INFINITE_RECURSION = YES;
				CLANG_WARN_INT_CONVERSION = YES;
				CLANG_WARN_NON_LITERAL_NULL_CONVERSION = YES;
				CLANG_WARN_OBJC_IMPLICIT_RETAIN_SELF = YES;
				CLANG_WARN_OBJC_LITERAL_CONVERSION = YES;
				CLANG_WARN_OBJC_ROOT_CLASS = YES_ERROR;
				CLANG_WARN_RANGE_LOOP_ANALYSIS = YES;
				CLANG_WARN_STRICT_PROTOTYPES = YES;
				CLANG_WARN_SUSPICIOUS_MOVE = YES;
				CLANG_WARN_UNGUARDED_AVAILABILITY = YES_AGGRESSIVE;
				CLANG_WARN_UNREACHABLE_CODE = YES;
				CLANG_WARN__DUPLICATE_METHOD_MATCH = YES;
				CODE_SIGN_IDENTITY = "iPhone Developer";
				COPY_PHASE_STRIP = NO;
				DEBUG_INFORMATION_FORMAT = "dwarf-with-dsym";
				ENABLE_NS_ASSERTIONS = NO;
				ENABLE_STRICT_OBJC_MSGSEND = YES;
				GCC_C_LANGUAGE_STANDARD = gnu11;
				GCC_NO_COMMON_BLOCKS = YES;
				GCC_WARN_64_TO_32_BIT_CONVERSION = YES;
				GCC_WARN_ABOUT_RETURN_TYPE = YES_ERROR;
				GCC_WARN_UNDECLARED_SELECTOR = YES;
				GCC_WARN_UNINITIALIZED_AUTOS = YES_AGGRESSIVE;
				GCC_WARN_UNUSED_FUNCTION = YES;
				GCC_WARN_UNUSED_VARIABLE = YES;
				IPHONEOS_DEPLOYMENT_TARGET = 12.4;
				MTL_ENABLE_DEBUG_INFO = NO;
				MTL_FAST_MATH = YES;
				SDKROOT = iphoneos;
				VALIDATE_PRODUCT = YES;
			};
			name = Release;
		};
		EAC6B1932304F7F700142A4E /* Debug */ = {
			isa = XCBuildConfiguration;
			buildSettings = {
				ASSETCATALOG_COMPILER_APPICON_NAME = AppIcon;
				CODE_SIGN_STYLE = Automatic;
				DEVELOPMENT_TEAM = 3F5BHM8LYY;
				INFOPLIST_FILE = DoorHomeUI/Info.plist;
				IPHONEOS_DEPLOYMENT_TARGET = 8.0;
				LD_RUNPATH_SEARCH_PATHS = (
					"$(inherited)",
					"@executable_path/Frameworks",
				);
				PRODUCT_BUNDLE_IDENTIFIER = Qianyubing.DoorHomeUI;
				PRODUCT_NAME = "$(TARGET_NAME)";
				TARGETED_DEVICE_FAMILY = 1;
			};
			name = Debug;
		};
		EAC6B1942304F7F700142A4E /* Release */ = {
			isa = XCBuildConfiguration;
			buildSettings = {
				ASSETCATALOG_COMPILER_APPICON_NAME = AppIcon;
				CODE_SIGN_STYLE = Automatic;
				DEVELOPMENT_TEAM = 3F5BHM8LYY;
				INFOPLIST_FILE = DoorHomeUI/Info.plist;
				IPHONEOS_DEPLOYMENT_TARGET = 8.0;
				LD_RUNPATH_SEARCH_PATHS = (
					"$(inherited)",
					"@executable_path/Frameworks",
				);
				PRODUCT_BUNDLE_IDENTIFIER = Qianyubing.DoorHomeUI;
				PRODUCT_NAME = "$(TARGET_NAME)";
				TARGETED_DEVICE_FAMILY = 1;
			};
			name = Release;
		};
/* End XCBuildConfiguration section */

/* Begin XCConfigurationList section */
		EAC6B1772304F7F600142A4E /* Build configuration list for PBXProject "DoorHomeUI" */ = {
			isa = XCConfigurationList;
			buildConfigurations = (
				EAC6B1902304F7F700142A4E /* Debug */,
				EAC6B1912304F7F700142A4E /* Release */,
			);
			defaultConfigurationIsVisible = 0;
			defaultConfigurationName = Release;
		};
		EAC6B1922304F7F700142A4E /* Build configuration list for PBXNativeTarget "DoorHomeUI" */ = {
			isa = XCConfigurationList;
			buildConfigurations = (
				EAC6B1932304F7F700142A4E /* Debug */,
				EAC6B1942304F7F700142A4E /* Release */,
			);
			defaultConfigurationIsVisible = 0;
			defaultConfigurationName = Release;
		};
/* End XCConfigurationList section */
	};
	rootObject = EAC6B1742304F7F600142A4E /* Project object */;
}
